lockfileVersion: '9.0'

settings:
  autoInstallPeers: true
  excludeLinksFromLockfile: false

importers:

  .:
    dependencies:
      '@tailwindcss/cli':
        specifier: ^4.1.7
        version: 4.1.7
      '@tailwindcss/typography':
        specifier: ^0.5.16
        version: 0.5.16(tailwindcss@4.1.7)
      prettier:
        specifier: ^3.5.3
        version: 3.5.3
      prettier-plugin-tailwindcss:
        specifier: ^0.6.11
        version: 0.6.11(prettier@3.5.3)
      tailwindcss:
        specifier: ^4.1.7
        version: 4.1.7

packages:

  '@ampproject/remapping@2.3.0':
    resolution: {integrity: sha512-30iZtAPgz+LTIYoeivqYo853f02jBYSd5uGnGpkFV0M3xOt9aN73erkgYAmZU43x4VfqcnLxW9Kpg3R5LC4YYw==}
    engines: {node: '>=6.0.0'}

  '@isaacs/fs-minipass@4.0.1':
    resolution: {integrity: sha512-wgm9Ehl2jpeqP3zw/7mo3kRHFp5MEDhqAdwy1fTGkHAwnkGOVsgpvQhL8B5n1qlb01jV3n/bI0ZfZp5lWA1k4w==}
    engines: {node: '>=18.0.0'}

  '@jridgewell/gen-mapping@0.3.8':
    resolution: {integrity: sha512-imAbBGkb+ebQyxKgzv5Hu2nmROxoDOXHh80evxdoXNOrvAnVx7zimzc1Oo5h9RlfV4vPXaE2iM5pOFbvOCClWA==}
    engines: {node: '>=6.0.0'}

  '@jridgewell/resolve-uri@3.1.2':
    resolution: {integrity: sha512-bRISgCIjP20/tbWSPWMEi54QVPRZExkuD9lJL+UIxUKtwVJA8wW1Trb1jMs1RFXo1CBTNZ/5hpC9QvmKWdopKw==}
    engines: {node: '>=6.0.0'}

  '@jridgewell/set-array@1.2.1':
    resolution: {integrity: sha512-R8gLRTZeyp03ymzP/6Lil/28tGeGEzhx1q2k703KGWRAI1VdvPIXdG70VJc2pAMw3NA6JKL5hhFu1sJX0Mnn/A==}
    engines: {node: '>=6.0.0'}

  '@jridgewell/sourcemap-codec@1.5.0':
    resolution: {integrity: sha512-gv3ZRaISU3fjPAgNsriBRqGWQL6quFx04YMPW/zD8XMLsU32mhCCbfbO6KZFLjvYpCZ8zyDEgqsgf+PwPaM7GQ==}

  '@jridgewell/trace-mapping@0.3.25':
    resolution: {integrity: sha512-vNk6aEwybGtawWmy/PzwnGDOjCkLWSD2wqvjGGAgOAwCGWySYXfYoxt00IJkTF+8Lb57DwOb3Aa0o9CApepiYQ==}

  '@parcel/watcher-android-arm64@2.5.1':
    resolution: {integrity: sha512-KF8+j9nNbUN8vzOFDpRMsaKBHZ/mcjEjMToVMJOhTozkDonQFFrRcfdLWn6yWKCmJKmdVxSgHiYvTCef4/qcBA==}
    engines: {node: '>= 10.0.0'}
    cpu: [arm64]
    os: [android]

  '@parcel/watcher-darwin-arm64@2.5.1':
    resolution: {integrity: sha512-eAzPv5osDmZyBhou8PoF4i6RQXAfeKL9tjb3QzYuccXFMQU0ruIc/POh30ePnaOyD1UXdlKguHBmsTs53tVoPw==}
    engines: {node: '>= 10.0.0'}
    cpu: [arm64]
    os: [darwin]

  '@parcel/watcher-darwin-x64@2.5.1':
    resolution: {integrity: sha512-1ZXDthrnNmwv10A0/3AJNZ9JGlzrF82i3gNQcWOzd7nJ8aj+ILyW1MTxVk35Db0u91oD5Nlk9MBiujMlwmeXZg==}
    engines: {node: '>= 10.0.0'}
    cpu: [x64]
    os: [darwin]

  '@parcel/watcher-freebsd-x64@2.5.1':
    resolution: {integrity: sha512-SI4eljM7Flp9yPuKi8W0ird8TI/JK6CSxju3NojVI6BjHsTyK7zxA9urjVjEKJ5MBYC+bLmMcbAWlZ+rFkLpJQ==}
    engines: {node: '>= 10.0.0'}
    cpu: [x64]
    os: [freebsd]

  '@parcel/watcher-linux-arm-glibc@2.5.1':
    resolution: {integrity: sha512-RCdZlEyTs8geyBkkcnPWvtXLY44BCeZKmGYRtSgtwwnHR4dxfHRG3gR99XdMEdQ7KeiDdasJwwvNSF5jKtDwdA==}
    engines: {node: '>= 10.0.0'}
    cpu: [arm]
    os: [linux]

  '@parcel/watcher-linux-arm-musl@2.5.1':
    resolution: {integrity: sha512-6E+m/Mm1t1yhB8X412stiKFG3XykmgdIOqhjWj+VL8oHkKABfu/gjFj8DvLrYVHSBNC+/u5PeNrujiSQ1zwd1Q==}
    engines: {node: '>= 10.0.0'}
    cpu: [arm]
    os: [linux]

  '@parcel/watcher-linux-arm64-glibc@2.5.1':
    resolution: {integrity: sha512-LrGp+f02yU3BN9A+DGuY3v3bmnFUggAITBGriZHUREfNEzZh/GO06FF5u2kx8x+GBEUYfyTGamol4j3m9ANe8w==}
    engines: {node: '>= 10.0.0'}
    cpu: [arm64]
    os: [linux]

  '@parcel/watcher-linux-arm64-musl@2.5.1':
    resolution: {integrity: sha512-cFOjABi92pMYRXS7AcQv9/M1YuKRw8SZniCDw0ssQb/noPkRzA+HBDkwmyOJYp5wXcsTrhxO0zq1U11cK9jsFg==}
    engines: {node: '>= 10.0.0'}
    cpu: [arm64]
    os: [linux]

  '@parcel/watcher-linux-x64-glibc@2.5.1':
    resolution: {integrity: sha512-GcESn8NZySmfwlTsIur+49yDqSny2IhPeZfXunQi48DMugKeZ7uy1FX83pO0X22sHntJ4Ub+9k34XQCX+oHt2A==}
    engines: {node: '>= 10.0.0'}
    cpu: [x64]
    os: [linux]

  '@parcel/watcher-linux-x64-musl@2.5.1':
    resolution: {integrity: sha512-n0E2EQbatQ3bXhcH2D1XIAANAcTZkQICBPVaxMeaCVBtOpBZpWJuf7LwyWPSBDITb7In8mqQgJ7gH8CILCURXg==}
    engines: {node: '>= 10.0.0'}
    cpu: [x64]
    os: [linux]

  '@parcel/watcher-win32-arm64@2.5.1':
    resolution: {integrity: sha512-RFzklRvmc3PkjKjry3hLF9wD7ppR4AKcWNzH7kXR7GUe0Igb3Nz8fyPwtZCSquGrhU5HhUNDr/mKBqj7tqA2Vw==}
    engines: {node: '>= 10.0.0'}
    cpu: [arm64]
    os: [win32]

  '@parcel/watcher-win32-ia32@2.5.1':
    resolution: {integrity: sha512-c2KkcVN+NJmuA7CGlaGD1qJh1cLfDnQsHjE89E60vUEMlqduHGCdCLJCID5geFVM0dOtA3ZiIO8BoEQmzQVfpQ==}
    engines: {node: '>= 10.0.0'}
    cpu: [ia32]
    os: [win32]

  '@parcel/watcher-win32-x64@2.5.1':
    resolution: {integrity: sha512-9lHBdJITeNR++EvSQVUcaZoWupyHfXe1jZvGZ06O/5MflPcuPLtEphScIBL+AiCWBO46tDSHzWyD0uDmmZqsgA==}
    engines: {node: '>= 10.0.0'}
    cpu: [x64]
    os: [win32]

  '@parcel/watcher@2.5.1':
    resolution: {integrity: sha512-dfUnCxiN9H4ap84DvD2ubjw+3vUNpstxa0TneY/Paat8a3R4uQZDLSvWjmznAY/DoahqTHl9V46HF/Zs3F29pg==}
    engines: {node: '>= 10.0.0'}

  '@tailwindcss/cli@4.1.7':
    resolution: {integrity: sha512-hJNjpov/UiJc9ZWH4j/eEQxqklADrD/71s+t8Y0wbyQVAwtLkSp+MeC/sHTb03X+28rfbe0fRXkiBsf73/IwPg==}
    hasBin: true

  '@tailwindcss/node@4.1.7':
    resolution: {integrity: sha512-9rsOpdY9idRI2NH6CL4wORFY0+Q6fnx9XP9Ju+iq/0wJwGD5IByIgFmwVbyy4ymuyprj8Qh4ErxMKTUL4uNh3g==}

  '@tailwindcss/oxide-android-arm64@4.1.7':
    resolution: {integrity: sha512-IWA410JZ8fF7kACus6BrUwY2Z1t1hm0+ZWNEzykKmMNM09wQooOcN/VXr0p/WJdtHZ90PvJf2AIBS/Ceqx1emg==}
    engines: {node: '>= 10'}
    cpu: [arm64]
    os: [android]

  '@tailwindcss/oxide-darwin-arm64@4.1.7':
    resolution: {integrity: sha512-81jUw9To7fimGGkuJ2W5h3/oGonTOZKZ8C2ghm/TTxbwvfSiFSDPd6/A/KE2N7Jp4mv3Ps9OFqg2fEKgZFfsvg==}
    engines: {node: '>= 10'}
    cpu: [arm64]
    os: [darwin]

  '@tailwindcss/oxide-darwin-x64@4.1.7':
    resolution: {integrity: sha512-q77rWjEyGHV4PdDBtrzO0tgBBPlQWKY7wZK0cUok/HaGgbNKecegNxCGikuPJn5wFAlIywC3v+WMBt0PEBtwGw==}
    engines: {node: '>= 10'}
    cpu: [x64]
    os: [darwin]

  '@tailwindcss/oxide-freebsd-x64@4.1.7':
    resolution: {integrity: sha512-RfmdbbK6G6ptgF4qqbzoxmH+PKfP4KSVs7SRlTwcbRgBwezJkAO3Qta/7gDy10Q2DcUVkKxFLXUQO6J3CRvBGw==}
    engines: {node: '>= 10'}
    cpu: [x64]
    os: [freebsd]

  '@tailwindcss/oxide-linux-arm-gnueabihf@4.1.7':
    resolution: {integrity: sha512-OZqsGvpwOa13lVd1z6JVwQXadEobmesxQ4AxhrwRiPuE04quvZHWn/LnihMg7/XkN+dTioXp/VMu/p6A5eZP3g==}
    engines: {node: '>= 10'}
    cpu: [arm]
    os: [linux]

  '@tailwindcss/oxide-linux-arm64-gnu@4.1.7':
    resolution: {integrity: sha512-voMvBTnJSfKecJxGkoeAyW/2XRToLZ227LxswLAwKY7YslG/Xkw9/tJNH+3IVh5bdYzYE7DfiaPbRkSHFxY1xA==}
    engines: {node: '>= 10'}
    cpu: [arm64]
    os: [linux]

  '@tailwindcss/oxide-linux-arm64-musl@4.1.7':
    resolution: {integrity: sha512-PjGuNNmJeKHnP58M7XyjJyla8LPo+RmwHQpBI+W/OxqrwojyuCQ+GUtygu7jUqTEexejZHr/z3nBc/gTiXBj4A==}
    engines: {node: '>= 10'}
    cpu: [arm64]
    os: [linux]

  '@tailwindcss/oxide-linux-x64-gnu@4.1.7':
    resolution: {integrity: sha512-HMs+Va+ZR3gC3mLZE00gXxtBo3JoSQxtu9lobbZd+DmfkIxR54NO7Z+UQNPsa0P/ITn1TevtFxXTpsRU7qEvWg==}
    engines: {node: '>= 10'}
    cpu: [x64]
    os: [linux]

  '@tailwindcss/oxide-linux-x64-musl@4.1.7':
    resolution: {integrity: sha512-MHZ6jyNlutdHH8rd+YTdr3QbXrHXqwIhHw9e7yXEBcQdluGwhpQY2Eku8UZK6ReLaWtQ4gijIv5QoM5eE+qlsA==}
    engines: {node: '>= 10'}
    cpu: [x64]
    os: [linux]

  '@tailwindcss/oxide-wasm32-wasi@4.1.7':
    resolution: {integrity: sha512-ANaSKt74ZRzE2TvJmUcbFQ8zS201cIPxUDm5qez5rLEwWkie2SkGtA4P+GPTj+u8N6JbPrC8MtY8RmJA35Oo+A==}
    engines: {node: '>=14.0.0'}
    cpu: [wasm32]
    bundledDependencies:
      - '@napi-rs/wasm-runtime'
      - '@emnapi/core'
      - '@emnapi/runtime'
      - '@tybys/wasm-util'
      - '@emnapi/wasi-threads'
      - tslib

  '@tailwindcss/oxide-win32-arm64-msvc@4.1.7':
    resolution: {integrity: sha512-HUiSiXQ9gLJBAPCMVRk2RT1ZrBjto7WvqsPBwUrNK2BcdSxMnk19h4pjZjI7zgPhDxlAbJSumTC4ljeA9y0tEw==}
    engines: {node: '>= 10'}
    cpu: [arm64]
    os: [win32]

  '@tailwindcss/oxide-win32-x64-msvc@4.1.7':
    resolution: {integrity: sha512-rYHGmvoHiLJ8hWucSfSOEmdCBIGZIq7SpkPRSqLsH2Ab2YUNgKeAPT1Fi2cx3+hnYOrAb0jp9cRyode3bBW4mQ==}
    engines: {node: '>= 10'}
    cpu: [x64]
    os: [win32]

  '@tailwindcss/oxide@4.1.7':
    resolution: {integrity: sha512-5SF95Ctm9DFiUyjUPnDGkoKItPX/k+xifcQhcqX5RA85m50jw1pT/KzjdvlqxRja45Y52nR4MR9fD1JYd7f8NQ==}
    engines: {node: '>= 10'}

  '@tailwindcss/typography@0.5.16':
    resolution: {integrity: sha512-0wDLwCVF5V3x3b1SGXPCDcdsbDHMBe+lkFzBRaHeLvNi+nrrnZ1lA18u+OTWO8iSWU2GxUOCvlXtDuqftc1oiA==}
    peerDependencies:
      tailwindcss: '>=3.0.0 || insiders || >=4.0.0-alpha.20 || >=4.0.0-beta.1'

  braces@3.0.3:
    resolution: {integrity: sha512-yQbXgO/OSZVD2IsiLlro+7Hf6Q18EJrKSEsdoMzKePKXct3gvD8oLcOQdIzGupr5Fj+EDe8gO/lxc1BzfMpxvA==}
    engines: {node: '>=8'}

  chownr@3.0.0:
    resolution: {integrity: sha512-+IxzY9BZOQd/XuYPRmrvEVjF/nqj5kgT4kEq7VofrDoM1MxoRjEWkrCC3EtLi59TVawxTAn+orJwFQcrqEN1+g==}
    engines: {node: '>=18'}

  cssesc@3.0.0:
    resolution: {integrity: sha512-/Tb/JcjK111nNScGob5MNtsntNM1aCNUDipB/TkwZFhyDrrE47SOx/18wF2bbjgc3ZzCSKW1T5nt5EbFoAz/Vg==}
    engines: {node: '>=4'}
    hasBin: true

  detect-libc@1.0.3:
    resolution: {integrity: sha512-pGjwhsmsp4kL2RTz08wcOlGN83otlqHeD/Z5T8GXZB+/YcpQ/dgo+lbU8ZsGxV0HIvqqxo9l7mqYwyYMD9bKDg==}
    engines: {node: '>=0.10'}
    hasBin: true

  detect-libc@2.0.4:
    resolution: {integrity: sha512-3UDv+G9CsCKO1WKMGw9fwq/SWJYbI0c5Y7LU1AXYoDdbhE2AHQ6N6Nb34sG8Fj7T5APy8qXDCKuuIHd1BR0tVA==}
    engines: {node: '>=8'}

  enhanced-resolve@5.18.1:
    resolution: {integrity: sha512-ZSW3ma5GkcQBIpwZTSRAI8N71Uuwgs93IezB7mf7R60tC8ZbJideoDNKjHn2O9KIlx6rkGTTEk1xUCK2E1Y2Yg==}
    engines: {node: '>=10.13.0'}

  fill-range@7.1.1:
    resolution: {integrity: sha512-YsGpe3WHLK8ZYi4tWDg2Jy3ebRz2rXowDxnld4bkQB00cc/1Zw9AWnC0i9ztDJitivtQvaI9KaLyKrc+hBW0yg==}
    engines: {node: '>=8'}

  graceful-fs@4.2.11:
    resolution: {integrity: sha512-RbJ5/jmFcNNCcDV5o9eTnBLJ/HszWV0P73bc+Ff4nS/rJj+YaS6IGyiOL0VoBYX+l1Wrl3k63h/KrH+nhJ0XvQ==}

  is-extglob@2.1.1:
    resolution: {integrity: sha512-SbKbANkN603Vi4jEZv49LeVJMn4yGwsbzZworEoyEiutsN3nJYdbO36zfhGJ6QEDpOZIFkDtnq5JRxmvl3jsoQ==}
    engines: {node: '>=0.10.0'}

  is-glob@4.0.3:
    resolution: {integrity: sha512-xelSayHH36ZgE7ZWhli7pW34hNbNl8Ojv5KVmkJD4hBdD3th8Tfk9vYasLM+mXWOZhFkgZfxhLSnrwRr4elSSg==}
    engines: {node: '>=0.10.0'}

  is-number@7.0.0:
    resolution: {integrity: sha512-41Cifkg6e8TylSpdtTpeLVMqvSBEVzTttHvERD741+pnZ8ANv0004MRL43QKPDlK9cGvNp6NZWZUBlbGXYxxng==}
    engines: {node: '>=0.12.0'}

  jiti@2.4.2:
    resolution: {integrity: sha512-rg9zJN+G4n2nfJl5MW3BMygZX56zKPNVEYYqq7adpmMh4Jn2QNEwhvQlFy6jPVdcod7txZtKHWnyZiA3a0zP7A==}
    hasBin: true

  lightningcss-darwin-arm64@1.30.1:
    resolution: {integrity: sha512-c8JK7hyE65X1MHMN+Viq9n11RRC7hgin3HhYKhrMyaXflk5GVplZ60IxyoVtzILeKr+xAJwg6zK6sjTBJ0FKYQ==}
    engines: {node: '>= 12.0.0'}
    cpu: [arm64]
    os: [darwin]

  lightningcss-darwin-x64@1.30.1:
    resolution: {integrity: sha512-k1EvjakfumAQoTfcXUcHQZhSpLlkAuEkdMBsI/ivWw9hL+7FtilQc0Cy3hrx0AAQrVtQAbMI7YjCgYgvn37PzA==}
    engines: {node: '>= 12.0.0'}
    cpu: [x64]
    os: [darwin]

  lightningcss-freebsd-x64@1.30.1:
    resolution: {integrity: sha512-kmW6UGCGg2PcyUE59K5r0kWfKPAVy4SltVeut+umLCFoJ53RdCUWxcRDzO1eTaxf/7Q2H7LTquFHPL5R+Gjyig==}
    engines: {node: '>= 12.0.0'}
    cpu: [x64]
    os: [freebsd]

  lightningcss-linux-arm-gnueabihf@1.30.1:
    resolution: {integrity: sha512-MjxUShl1v8pit+6D/zSPq9S9dQ2NPFSQwGvxBCYaBYLPlCWuPh9/t1MRS8iUaR8i+a6w7aps+B4N0S1TYP/R+Q==}
    engines: {node: '>= 12.0.0'}
    cpu: [arm]
    os: [linux]

  lightningcss-linux-arm64-gnu@1.30.1:
    resolution: {integrity: sha512-gB72maP8rmrKsnKYy8XUuXi/4OctJiuQjcuqWNlJQ6jZiWqtPvqFziskH3hnajfvKB27ynbVCucKSm2rkQp4Bw==}
    engines: {node: '>= 12.0.0'}
    cpu: [arm64]
    os: [linux]

  lightningcss-linux-arm64-musl@1.30.1:
    resolution: {integrity: sha512-jmUQVx4331m6LIX+0wUhBbmMX7TCfjF5FoOH6SD1CttzuYlGNVpA7QnrmLxrsub43ClTINfGSYyHe2HWeLl5CQ==}
    engines: {node: '>= 12.0.0'}
    cpu: [arm64]
    os: [linux]

  lightningcss-linux-x64-gnu@1.30.1:
    resolution: {integrity: sha512-piWx3z4wN8J8z3+O5kO74+yr6ze/dKmPnI7vLqfSqI8bccaTGY5xiSGVIJBDd5K5BHlvVLpUB3S2YCfelyJ1bw==}
    engines: {node: '>= 12.0.0'}
    cpu: [x64]
    os: [linux]

  lightningcss-linux-x64-musl@1.30.1:
    resolution: {integrity: sha512-rRomAK7eIkL+tHY0YPxbc5Dra2gXlI63HL+v1Pdi1a3sC+tJTcFrHX+E86sulgAXeI7rSzDYhPSeHHjqFhqfeQ==}
    engines: {node: '>= 12.0.0'}
    cpu: [x64]
    os: [linux]

  lightningcss-win32-arm64-msvc@1.30.1:
    resolution: {integrity: sha512-mSL4rqPi4iXq5YVqzSsJgMVFENoa4nGTT/GjO2c0Yl9OuQfPsIfncvLrEW6RbbB24WtZ3xP/2CCmI3tNkNV4oA==}
    engines: {node: '>= 12.0.0'}
    cpu: [arm64]
    os: [win32]

  lightningcss-win32-x64-msvc@1.30.1:
    resolution: {integrity: sha512-PVqXh48wh4T53F/1CCu8PIPCxLzWyCnn/9T5W1Jpmdy5h9Cwd+0YQS6/LwhHXSafuc61/xg9Lv5OrCby6a++jg==}
    engines: {node: '>= 12.0.0'}
    cpu: [x64]
    os: [win32]

  lightningcss@1.30.1:
    resolution: {integrity: sha512-xi6IyHML+c9+Q3W0S4fCQJOym42pyurFiJUHEcEyHS0CeKzia4yZDEsLlqOFykxOdHpNy0NmvVO31vcSqAxJCg==}
    engines: {node: '>= 12.0.0'}

  lodash.castarray@4.4.0:
    resolution: {integrity: sha512-aVx8ztPv7/2ULbArGJ2Y42bG1mEQ5mGjpdvrbJcJFU3TbYybe+QlLS4pst9zV52ymy2in1KpFPiZnAOATxD4+Q==}

  lodash.isplainobject@4.0.6:
    resolution: {integrity: sha512-oSXzaWypCMHkPC3NvBEaPHf0KsA5mvPrOPgQWDsbg8n7orZ290M0BmC/jgRZ4vcJ6DTAhjrsSYgdsW/F+MFOBA==}

  lodash.merge@4.6.2:
    resolution: {integrity: sha512-0KpjqXRVvrYyCsX1swR/XTK0va6VQkQM6MNo7PqW77ByjAhoARA8EfrP1N4+KlKj8YS0ZUCtRT/YUuhyYDujIQ==}

  magic-string@0.30.17:
    resolution: {integrity: sha512-sNPKHvyjVf7gyjwS4xGTaW/mCnF8wnjtifKBEhxfZ7E/S8tQ0rssrwGNn6q8JH/ohItJfSQp9mBtQYuTlH5QnA==}

  micromatch@4.0.8:
    resolution: {integrity: sha512-PXwfBhYu0hBCPw8Dn0E+WDYb7af3dSLVWKi3HGv84IdF4TyFoC0ysxFd0Goxw7nSv4T/PzEJQxsYsEiFCKo2BA==}
    engines: {node: '>=8.6'}

  minipass@7.1.2:
    resolution: {integrity: sha512-qOOzS1cBTWYF4BH8fVePDBOO9iptMnGUEZwNc/cMWnTV2nVLZ7VoNWEPHkYczZA0pdoA7dl6e7FL659nX9S2aw==}
    engines: {node: '>=16 || 14 >=14.17'}

  minizlib@3.0.2:
    resolution: {integrity: sha512-oG62iEk+CYt5Xj2YqI5Xi9xWUeZhDI8jjQmC5oThVH5JGCTgIjr7ciJDzC7MBzYd//WvR1OTmP5Q38Q8ShQtVA==}
    engines: {node: '>= 18'}

  mkdirp@3.0.1:
    resolution: {integrity: sha512-+NsyUUAZDmo6YVHzL/stxSu3t9YS1iljliy3BSDrXJ/dkn1KYdmtZODGGjLcc9XLgVVpH4KshHB8XmZgMhaBXg==}
    engines: {node: '>=10'}
    hasBin: true

  mri@1.2.0:
    resolution: {integrity: sha512-tzzskb3bG8LvYGFF/mDTpq3jpI6Q9wc3LEmBaghu+DdCssd1FakN7Bc0hVNmEyGq1bq3RgfkCb3cmQLpNPOroA==}
    engines: {node: '>=4'}

  node-addon-api@7.1.1:
    resolution: {integrity: sha512-5m3bsyrjFWE1xf7nz7YXdN4udnVtXK6/Yfgn5qnahL6bCkf2yKt4k3nuTKAtT4r3IG8JNR2ncsIMdZuAzJjHQQ==}

  picocolors@1.1.1:
    resolution: {integrity: sha512-xceH2snhtb5M9liqDsmEw56le376mTZkEX/jEb/RxNFyegNul7eNslCXP9FDj/Lcu0X8KEyMceP2ntpaHrDEVA==}

  picomatch@2.3.1:
    resolution: {integrity: sha512-JU3teHTNjmE2VCGFzuY8EXzCDVwEqB2a8fsIvwaStHhAWJEeVd1o1QD80CU6+ZdEXXSLbSsuLwJjkCBWqRQUVA==}
    engines: {node: '>=8.6'}

  postcss-selector-parser@6.0.10:
    resolution: {integrity: sha512-IQ7TZdoaqbT+LCpShg46jnZVlhWD2w6iQYAcYXfHARZ7X1t/UGhhceQDs5X0cGqKvYlHNOuv7Oa1xmb0oQuA3w==}
    engines: {node: '>=4'}

  prettier-plugin-tailwindcss@0.6.11:
    resolution: {integrity: sha512-YxaYSIvZPAqhrrEpRtonnrXdghZg1irNg4qrjboCXrpybLWVs55cW2N3juhspVJiO0JBvYJT8SYsJpc8OQSnsA==}
    engines: {node: '>=14.21.3'}
    peerDependencies:
      '@ianvs/prettier-plugin-sort-imports': '*'
      '@prettier/plugin-pug': '*'
      '@shopify/prettier-plugin-liquid': '*'
      '@trivago/prettier-plugin-sort-imports': '*'
      '@zackad/prettier-plugin-twig': '*'
      prettier: ^3.0
      prettier-plugin-astro: '*'
      prettier-plugin-css-order: '*'
      prettier-plugin-import-sort: '*'
      prettier-plugin-jsdoc: '*'
      prettier-plugin-marko: '*'
      prettier-plugin-multiline-arrays: '*'
      prettier-plugin-organize-attributes: '*'
      prettier-plugin-organize-imports: '*'
      prettier-plugin-sort-imports: '*'
      prettier-plugin-style-order: '*'
      prettier-plugin-svelte: '*'
    peerDependenciesMeta:
      '@ianvs/prettier-plugin-sort-imports':
        optional: true
      '@prettier/plugin-pug':
        optional: true
      '@shopify/prettier-plugin-liquid':
        optional: true
      '@trivago/prettier-plugin-sort-imports':
        optional: true
      '@zackad/prettier-plugin-twig':
        optional: true
      prettier-plugin-astro:
        optional: true
      prettier-plugin-css-order:
        optional: true
      prettier-plugin-import-sort:
        optional: true
      prettier-plugin-jsdoc:
        optional: true
      prettier-plugin-marko:
        optional: true
      prettier-plugin-multiline-arrays:
        optional: true
      prettier-plugin-organize-attributes:
        optional: true
      prettier-plugin-organize-imports:
        optional: true
      prettier-plugin-sort-imports:
        optional: true
      prettier-plugin-style-order:
        optional: true
      prettier-plugin-svelte:
        optional: true

  prettier@3.5.3:
    resolution: {integrity: sha512-QQtaxnoDJeAkDvDKWCLiwIXkTgRhwYDEQCghU9Z6q03iyek/rxRh/2lC3HB7P8sWT2xC/y5JDctPLBIGzHKbhw==}
    engines: {node: '>=14'}
    hasBin: true

  source-map-js@1.2.1:
    resolution: {integrity: sha512-UXWMKhLOwVKb728IUtQPXxfYU+usdybtUrK/8uGE8CQMvrhOpwvzDBwj0QhSL7MQc7vIsISBG8VQ8+IDQxpfQA==}
    engines: {node: '>=0.10.0'}

  tailwindcss@4.1.7:
    resolution: {integrity: sha512-kr1o/ErIdNhTz8uzAYL7TpaUuzKIE6QPQ4qmSdxnoX/lo+5wmUHQA6h3L5yIqEImSRnAAURDirLu/BgiXGPAhg==}

  tapable@2.2.2:
    resolution: {integrity: sha512-Re10+NauLTMCudc7T5WLFLAwDhQ0JWdrMK+9B2M8zR5hRExKmsRDCBA7/aV/pNJFltmBFO5BAMlQFi/vq3nKOg==}
    engines: {node: '>=6'}

  tar@7.4.3:
    resolution: {integrity: sha512-5S7Va8hKfV7W5U6g3aYxXmlPoZVAwUMy9AOKyF2fVuZa2UD3qZjg578OrLRt8PcNN1PleVaL/5/yYATNL0ICUw==}
    engines: {node: '>=18'}

  to-regex-range@5.0.1:
    resolution: {integrity: sha512-65P7iz6X5yEr1cwcgvQxbbIw7Uk3gOy5dIdtZ4rDveLqhrdJP+Li/Hx6tyK0NEb+2GCyneCMJiGqrADCSNk8sQ==}
    engines: {node: '>=8.0'}

  util-deprecate@1.0.2:
    resolution: {integrity: sha512-EPD5q1uXyFxJpCrLnCc1nHnq3gOa6DZBocAIiI2TaSCA7VCJ1UJDMagCzIkXNsUYfD1daK//LTEQ8xiIbrHtcw==}

  yallist@5.0.0:
    resolution: {integrity: sha512-YgvUTfwqyc7UXVMrB+SImsVYSmTS8X/tSrtdNZMImM+n7+QTriRXyXim0mBrTXNeqzVF0KWGgHPeiyViFFrNDw==}
    engines: {node: '>=18'}

snapshots:

  '@ampproject/remapping@2.3.0':
    dependencies:
      '@jridgewell/gen-mapping': 0.3.8
      '@jridgewell/trace-mapping': 0.3.25

  '@isaacs/fs-minipass@4.0.1':
    dependencies:
      minipass: 7.1.2

  '@jridgewell/gen-mapping@0.3.8':
    dependencies:
      '@jridgewell/set-array': 1.2.1
      '@jridgewell/sourcemap-codec': 1.5.0
      '@jridgewell/trace-mapping': 0.3.25

  '@jridgewell/resolve-uri@3.1.2': {}

  '@jridgewell/set-array@1.2.1': {}

  '@jridgewell/sourcemap-codec@1.5.0': {}

  '@jridgewell/trace-mapping@0.3.25':
    dependencies:
      '@jridgewell/resolve-uri': 3.1.2
      '@jridgewell/sourcemap-codec': 1.5.0

  '@parcel/watcher-android-arm64@2.5.1':
    optional: true

  '@parcel/watcher-darwin-arm64@2.5.1':
    optional: true

  '@parcel/watcher-darwin-x64@2.5.1':
    optional: true

  '@parcel/watcher-freebsd-x64@2.5.1':
    optional: true

  '@parcel/watcher-linux-arm-glibc@2.5.1':
    optional: true

  '@parcel/watcher-linux-arm-musl@2.5.1':
    optional: true

  '@parcel/watcher-linux-arm64-glibc@2.5.1':
    optional: true

  '@parcel/watcher-linux-arm64-musl@2.5.1':
    optional: true

  '@parcel/watcher-linux-x64-glibc@2.5.1':
    optional: true

  '@parcel/watcher-linux-x64-musl@2.5.1':
    optional: true

  '@parcel/watcher-win32-arm64@2.5.1':
    optional: true

  '@parcel/watcher-win32-ia32@2.5.1':
    optional: true

  '@parcel/watcher-win32-x64@2.5.1':
    optional: true

  '@parcel/watcher@2.5.1':
    dependencies:
      detect-libc: 1.0.3
      is-glob: 4.0.3
      micromatch: 4.0.8
      node-addon-api: 7.1.1
    optionalDependencies:
      '@parcel/watcher-android-arm64': 2.5.1
      '@parcel/watcher-darwin-arm64': 2.5.1
      '@parcel/watcher-darwin-x64': 2.5.1
      '@parcel/watcher-freebsd-x64': 2.5.1
      '@parcel/watcher-linux-arm-glibc': 2.5.1
      '@parcel/watcher-linux-arm-musl': 2.5.1
      '@parcel/watcher-linux-arm64-glibc': 2.5.1
      '@parcel/watcher-linux-arm64-musl': 2.5.1
      '@parcel/watcher-linux-x64-glibc': 2.5.1
      '@parcel/watcher-linux-x64-musl': 2.5.1
      '@parcel/watcher-win32-arm64': 2.5.1
      '@parcel/watcher-win32-ia32': 2.5.1
      '@parcel/watcher-win32-x64': 2.5.1

  '@tailwindcss/cli@4.1.7':
    dependencies:
      '@parcel/watcher': 2.5.1
      '@tailwindcss/node': 4.1.7
      '@tailwindcss/oxide': 4.1.7
      enhanced-resolve: 5.18.1
      mri: 1.2.0
      picocolors: 1.1.1
      tailwindcss: 4.1.7

  '@tailwindcss/node@4.1.7':
    dependencies:
      '@ampproject/remapping': 2.3.0
      enhanced-resolve: 5.18.1
      jiti: 2.4.2
      lightningcss: 1.30.1
      magic-string: 0.30.17
      source-map-js: 1.2.1
      tailwindcss: 4.1.7

  '@tailwindcss/oxide-android-arm64@4.1.7':
    optional: true

  '@tailwindcss/oxide-darwin-arm64@4.1.7':
    optional: true

  '@tailwindcss/oxide-darwin-x64@4.1.7':
    optional: true

  '@tailwindcss/oxide-freebsd-x64@4.1.7':
    optional: true

  '@tailwindcss/oxide-linux-arm-gnueabihf@4.1.7':
    optional: true

  '@tailwindcss/oxide-linux-arm64-gnu@4.1.7':
    optional: true

  '@tailwindcss/oxide-linux-arm64-musl@4.1.7':
    optional: true

  '@tailwindcss/oxide-linux-x64-gnu@4.1.7':
    optional: true

  '@tailwindcss/oxide-linux-x64-musl@4.1.7':
    optional: true

  '@tailwindcss/oxide-wasm32-wasi@4.1.7':
    optional: true

  '@tailwindcss/oxide-win32-arm64-msvc@4.1.7':
    optional: true

  '@tailwindcss/oxide-win32-x64-msvc@4.1.7':
    optional: true

  '@tailwindcss/oxide@4.1.7':
    dependencies:
      detect-libc: 2.0.4
      tar: 7.4.3
    optionalDependencies:
      '@tailwindcss/oxide-android-arm64': 4.1.7
      '@tailwindcss/oxide-darwin-arm64': 4.1.7
      '@tailwindcss/oxide-darwin-x64': 4.1.7
      '@tailwindcss/oxide-freebsd-x64': 4.1.7
      '@tailwindcss/oxide-linux-arm-gnueabihf': 4.1.7
      '@tailwindcss/oxide-linux-arm64-gnu': 4.1.7
      '@tailwindcss/oxide-linux-arm64-musl': 4.1.7
      '@tailwindcss/oxide-linux-x64-gnu': 4.1.7
      '@tailwindcss/oxide-linux-x64-musl': 4.1.7
      '@tailwindcss/oxide-wasm32-wasi': 4.1.7
      '@tailwindcss/oxide-win32-arm64-msvc': 4.1.7
      '@tailwindcss/oxide-win32-x64-msvc': 4.1.7

  '@tailwindcss/typography@0.5.16(tailwindcss@4.1.7)':
    dependencies:
      lodash.castarray: 4.4.0
      lodash.isplainobject: 4.0.6
      lodash.merge: 4.6.2
      postcss-selector-parser: 6.0.10
      tailwindcss: 4.1.7

  braces@3.0.3:
    dependencies:
      fill-range: 7.1.1

  chownr@3.0.0: {}

  cssesc@3.0.0: {}

  detect-libc@1.0.3: {}

  detect-libc@2.0.4: {}

  enhanced-resolve@5.18.1:
    dependencies:
      graceful-fs: 4.2.11
      tapable: 2.2.2

  fill-range@7.1.1:
    dependencies:
      to-regex-range: 5.0.1

  graceful-fs@4.2.11: {}

  is-extglob@2.1.1: {}

  is-glob@4.0.3:
    dependencies:
      is-extglob: 2.1.1

  is-number@7.0.0: {}

  jiti@2.4.2: {}

  lightningcss-darwin-arm64@1.30.1:
    optional: true

  lightningcss-darwin-x64@1.30.1:
    optional: true

  lightningcss-freebsd-x64@1.30.1:
    optional: true

  lightningcss-linux-arm-gnueabihf@1.30.1:
    optional: true

  lightningcss-linux-arm64-gnu@1.30.1:
    optional: true

  lightningcss-linux-arm64-musl@1.30.1:
    optional: true

  lightningcss-linux-x64-gnu@1.30.1:
    optional: true

  lightningcss-linux-x64-musl@1.30.1:
    optional: true

  lightningcss-win32-arm64-msvc@1.30.1:
    optional: true

  lightningcss-win32-x64-msvc@1.30.1:
    optional: true

  lightningcss@1.30.1:
    dependencies:
      detect-libc: 2.0.4
    optionalDependencies:
      lightningcss-darwin-arm64: 1.30.1
      lightningcss-darwin-x64: 1.30.1
      lightningcss-freebsd-x64: 1.30.1
      lightningcss-linux-arm-gnueabihf: 1.30.1
      lightningcss-linux-arm64-gnu: 1.30.1
      lightningcss-linux-arm64-musl: 1.30.1
      lightningcss-linux-x64-gnu: 1.30.1
      lightningcss-linux-x64-musl: 1.30.1
      lightningcss-win32-arm64-msvc: 1.30.1
      lightningcss-win32-x64-msvc: 1.30.1

  lodash.castarray@4.4.0: {}

  lodash.isplainobject@4.0.6: {}

  lodash.merge@4.6.2: {}

  magic-string@0.30.17:
    dependencies:
      '@jridgewell/sourcemap-codec': 1.5.0

  micromatch@4.0.8:
    dependencies:
      braces: 3.0.3
      picomatch: 2.3.1

  minipass@7.1.2: {}

  minizlib@3.0.2:
    dependencies:
      minipass: 7.1.2

  mkdirp@3.0.1: {}

  mri@1.2.0: {}

  node-addon-api@7.1.1: {}

  picocolors@1.1.1: {}

  picomatch@2.3.1: {}

  postcss-selector-parser@6.0.10:
    dependencies:
      cssesc: 3.0.0
      util-deprecate: 1.0.2

  prettier-plugin-tailwindcss@0.6.11(prettier@3.5.3):
    dependencies:
      prettier: 3.5.3

  prettier@3.5.3: {}

  source-map-js@1.2.1: {}

  tailwindcss@4.1.7: {}

  tapable@2.2.2: {}

  tar@7.4.3:
    dependencies:
      '@isaacs/fs-minipass': 4.0.1
      chownr: 3.0.0
      minipass: 7.1.2
      minizlib: 3.0.2
      mkdirp: 3.0.1
      yallist: 5.0.0

  to-regex-range@5.0.1:
    dependencies:
      is-number: 7.0.0

  util-deprecate@1.0.2: {}

  yallist@5.0.0: {}
